
Microsoft Visual Studio Solution File, Format Version 11.00
# Visual Studio 2010
Project("{8BC9CEB8-8B4A-11D0-8D11-00A0C91BC942}") = "20121129_gagebu", "20121129_gagebu.vcxproj", "{FFF2BCFC-1D60-4169-8FE8-9FFD80E4C32B}"
EndProject
Global
	GlobalSection(SolutionConfigurationPlatforms) = preSolution
		Debug|Win32 = Debug|Win32
		Release|Win32 = Release|Win32
	EndGlobalSection
	GlobalSection(ProjectConfigurationPlatforms) = postSolution
		{FFF2BCFC-1D60-4169-8FE8-9FFD80E4C32B}.Debug|Win32.ActiveCfg = Debug|Win32
		{FFF2BCFC-1D60-4169-8FE8-9FFD80E4C32B}.Debug|Win32.Build.0 = Debug|Win32
		{FFF2BCFC-1D60-4169-8FE8-9FFD80E4C32B}.Release|Win32.ActiveCfg = Release|Win32
		{FFF2BCFC-1D60-4169-8FE8-9FFD80E4C32B}.Release|Win32.Build.0 = Release|Win32
	EndGlobalSection
	GlobalSection(SolutionProperties) = preSolution
		HideSolutionNode = FALSE
	EndGlobalSection
EndGlobal
