<?xml version="1.0" encoding="utf-8"?>
<Project ToolsVersion="4.0" xmlns="http://schemas.microsoft.com/developer/msbuild/2003">
  <ItemGroup>
    <Filter Include="소스 파일">
      <UniqueIdentifier>{4FC737F1-C7A5-4376-A066-2A32D752A2FF}</UniqueIdentifier>
      <Extensions>cpp;c;cc;cxx;def;odl;idl;hpj;bat;asm;asmx</Extensions>
    </Filter>
    <Filter Include="헤더 파일">
      <UniqueIdentifier>{93995380-89BD-4b04-88EB-625FBE52EBFB}</UniqueIdentifier>
      <Extensions>h;hpp;hxx;hm;inl;inc;xsd</Extensions>
    </Filter>
    <Filter Include="리소스 파일">
      <UniqueIdentifier>{67DA6AB6-F800-4c08-8B7A-83BB121AAD01}</UniqueIdentifier>
      <Extensions>rc;ico;cur;bmp;dlg;rc2;rct;bin;rgs;gif;jpg;jpeg;jpe;resx;tiff;tif;png;wav;mfcribbon-ms</Extensions>
    </Filter>
    <Filter Include="소스 파일\TemplateMetaProgramming">
      <UniqueIdentifier>{cf7cd80b-5dec-428b-b248-bba9b0c2da2b}</UniqueIdentifier>
    </Filter>
    <Filter Include="소스 파일\Boost">
      <UniqueIdentifier>{00fb9c18-1f44-43e9-9a50-01b34caebec6}</UniqueIdentifier>
    </Filter>
  </ItemGroup>
  <ItemGroup>
    <ClInclude Include="..\TestUnits\RegisterUnit.h">
      <Filter>헤더 파일</Filter>
    </ClInclude>
    <ClInclude Include="..\TestUnits\stdafx.h">
      <Filter>헤더 파일</Filter>
    </ClInclude>
    <ClInclude Include="..\TestUnits\TestUnitRepository.h">
      <Filter>헤더 파일</Filter>
    </ClInclude>
    <ClInclude Include="..\TestUnits\critsect.h">
      <Filter>헤더 파일</Filter>
    </ClInclude>
    <ClInclude Include="..\TestUnits\Boost\chat_message.hpp">
      <Filter>소스 파일\Boost</Filter>
    </ClInclude>
  </ItemGroup>
  <ItemGroup>
    <ClCompile Include="..\TestUnits\TestUnitRepository.cpp">
      <Filter>소스 파일</Filter>
    </ClCompile>
    <ClCompile Include="..\TestUnits\listToArr.cpp">
      <Filter>소스 파일</Filter>
    </ClCompile>
    <ClCompile Include="..\TestUnits\main.cpp">
      <Filter>소스 파일</Filter>
    </ClCompile>
    <ClCompile Include="..\TestUnits\AsioTest.cpp">
      <Filter>소스 파일</Filter>
    </ClCompile>
    <ClCompile Include="..\TestUnits\templateSingleton.cpp">
      <Filter>소스 파일</Filter>
    </ClCompile>
    <ClCompile Include="..\TestUnits\strPTimeTest.cpp">
      <Filter>소스 파일</Filter>
    </ClCompile>
    <ClCompile Include="..\TestUnits\foreachtest.cpp">
      <Filter>소스 파일</Filter>
    </ClCompile>
    <ClCompile Include="..\TestUnits\DataRepositoryTemplate.cpp">
      <Filter>소스 파일</Filter>
    </ClCompile>
    <ClCompile Include="..\TestUnits\ReadWriteLockTest.cpp">
      <Filter>소스 파일</Filter>
    </ClCompile>
    <ClCompile Include="..\TestUnits\STDCopy.cpp">
      <Filter>소스 파일</Filter>
    </ClCompile>
    <ClCompile Include="..\TestUnits\filelineArgPass.cpp">
      <Filter>소스 파일</Filter>
    </ClCompile>
    <ClCompile Include="..\TestUnits\TemplateMetaProgramming\Exam1.cpp">
      <Filter>소스 파일\TemplateMetaProgramming</Filter>
    </ClCompile>
    <ClCompile Include="..\TestUnits\TemplateMetaProgramming\Exam2.cpp">
      <Filter>소스 파일\TemplateMetaProgramming</Filter>
    </ClCompile>
    <ClCompile Include="..\TestUnits\Boost\AsioChatServer.cpp">
      <Filter>소스 파일\Boost</Filter>
    </ClCompile>
  </ItemGroup>
</Project>